
Microsoft Visual Studio Solution File, Format Version 12.00
# Visual Studio Version 16
VisualStudioVersion = 16.0.31229.75
MinimumVisualStudioVersion = 10.0.40219.1
Project("{9A19103F-16F7-4668-BE54-9A1E7A4F7556}") = "LitleSdkForNet", "LitleSdkForNet\LitleSdkForNet.csproj", "{4A6E3397-DE37-4F91-A90F-E74C1D91E098}"
EndProject
Project("{2150E333-8FDC-42A3-9474-1A3956D46DE8}") = ".nuget", ".nuget", "{29B822AC-38E2-4105-AEEB-DE8A4FDD6952}"
	ProjectSection(SolutionItems) = preProject
		LitleSdkForNet\XmlRequestFields.cs = LitleSdkForNet\XmlRequestFields.cs
	EndProjectSection
EndProject
Global
	GlobalSection(SolutionConfigurationPlatforms) = preSolution
		Debug|Any CPU = Debug|Any CPU
		Debug|Mixed Platforms = Debug|Mixed Platforms
		Debug|x86 = Debug|x86
		Release|Any CPU = Release|Any CPU
		Release|Mixed Platforms = Release|Mixed Platforms
		Release|x86 = Release|x86
	EndGlobalSection
	GlobalSection(ProjectConfigurationPlatforms) = postSolution
		{4A6E3397-DE37-4F91-A90F-E74C1D91E098}.Debug|Any CPU.ActiveCfg = Debug|Any CPU
		{4A6E3397-DE37-4F91-A90F-E74C1D91E098}.Debug|Any CPU.Build.0 = Debug|Any CPU
		{4A6E3397-DE37-4F91-A90F-E74C1D91E098}.Debug|Mixed Platforms.ActiveCfg = Debug|Any CPU
		{4A6E3397-DE37-4F91-A90F-E74C1D91E098}.Debug|Mixed Platforms.Build.0 = Debug|Any CPU
		{4A6E3397-DE37-4F91-A90F-E74C1D91E098}.Debug|x86.ActiveCfg = Debug|Any CPU
		{4A6E3397-DE37-4F91-A90F-E74C1D91E098}.Release|Any CPU.ActiveCfg = Release|Any CPU
		{4A6E3397-DE37-4F91-A90F-E74C1D91E098}.Release|Any CPU.Build.0 = Release|Any CPU
		{4A6E3397-DE37-4F91-A90F-E74C1D91E098}.Release|Mixed Platforms.ActiveCfg = Release|Any CPU
		{4A6E3397-DE37-4F91-A90F-E74C1D91E098}.Release|Mixed Platforms.Build.0 = Release|Any CPU
		{4A6E3397-DE37-4F91-A90F-E74C1D91E098}.Release|x86.ActiveCfg = Release|Any CPU
	EndGlobalSection
	GlobalSection(SolutionProperties) = preSolution
		HideSolutionNode = FALSE
	EndGlobalSection
	GlobalSection(ExtensibilityGlobals) = postSolution
		SolutionGuid = {F8980669-2DB1-411F-AFBD-534BA79DE5E8}
	EndGlobalSection
EndGlobal
